
Microsoft Visual Studio Solution File, Format Version 12.00
# Visual Studio Version 17
VisualStudioVersion = 17.14.36221.1 d17.14
MinimumVisualStudioVersion = 10.0.40219.1
Project("{FAE04EC0-301F-11D3-BF4B-00C04F79EFBC}") = "OrderService", "OrderService\OrderService.csproj", "{05B755D4-8A8A-485D-B6D6-7129440A310C}"
EndProject
Project("{FAE04EC0-301F-11D3-BF4B-00C04F79EFBC}") = "Shared.Contracts", "Shared.Contracts\Shared.Contracts.csproj", "{5928C49F-05F0-B890-F378-C867DCE25B20}"
EndProject
Project("{FAE04EC0-301F-11D3-BF4B-00C04F79EFBC}") = "PaymentService", "PaymentService\PaymentService.csproj", "{A2077066-707A-4EA2-B4B5-2D8E3509CFC1}"
EndProject
Project("{FAE04EC0-301F-11D3-BF4B-00C04F79EFBC}") = "InventoryService", "InventoryService\InventoryService.csproj", "{BC3541B0-8F97-4714-885D-53B4E47CA48D}"
EndProject
Global
	GlobalSection(SolutionConfigurationPlatforms) = preSolution
		Debug|Any CPU = Debug|Any CPU
		Release|Any CPU = Release|Any CPU
	EndGlobalSection
	GlobalSection(ProjectConfigurationPlatforms) = postSolution
		{05B755D4-8A8A-485D-B6D6-7129440A310C}.Debug|Any CPU.ActiveCfg = Debug|Any CPU
		{05B755D4-8A8A-485D-B6D6-7129440A310C}.Debug|Any CPU.Build.0 = Debug|Any CPU
		{05B755D4-8A8A-485D-B6D6-7129440A310C}.Release|Any CPU.ActiveCfg = Release|Any CPU
		{05B755D4-8A8A-485D-B6D6-7129440A310C}.Release|Any CPU.Build.0 = Release|Any CPU
		{5928C49F-05F0-B890-F378-C867DCE25B20}.Debug|Any CPU.ActiveCfg = Debug|Any CPU
		{5928C49F-05F0-B890-F378-C867DCE25B20}.Debug|Any CPU.Build.0 = Debug|Any CPU
		{5928C49F-05F0-B890-F378-C867DCE25B20}.Release|Any CPU.ActiveCfg = Release|Any CPU
		{5928C49F-05F0-B890-F378-C867DCE25B20}.Release|Any CPU.Build.0 = Release|Any CPU
		{A2077066-707A-4EA2-B4B5-2D8E3509CFC1}.Debug|Any CPU.ActiveCfg = Debug|Any CPU
		{A2077066-707A-4EA2-B4B5-2D8E3509CFC1}.Debug|Any CPU.Build.0 = Debug|Any CPU
		{A2077066-707A-4EA2-B4B5-2D8E3509CFC1}.Release|Any CPU.ActiveCfg = Release|Any CPU
		{A2077066-707A-4EA2-B4B5-2D8E3509CFC1}.Release|Any CPU.Build.0 = Release|Any CPU
		{BC3541B0-8F97-4714-885D-53B4E47CA48D}.Debug|Any CPU.ActiveCfg = Debug|Any CPU
		{BC3541B0-8F97-4714-885D-53B4E47CA48D}.Debug|Any CPU.Build.0 = Debug|Any CPU
		{BC3541B0-8F97-4714-885D-53B4E47CA48D}.Release|Any CPU.ActiveCfg = Release|Any CPU
		{BC3541B0-8F97-4714-885D-53B4E47CA48D}.Release|Any CPU.Build.0 = Release|Any CPU
	EndGlobalSection
	GlobalSection(SolutionProperties) = preSolution
		HideSolutionNode = FALSE
	EndGlobalSection
	GlobalSection(ExtensibilityGlobals) = postSolution
		SolutionGuid = {7234CD3E-E828-40F1-A53C-F01A2D493E99}
	EndGlobalSection
EndGlobal
